PackratFormat: 1.4
PackratVersion: 0.4.8.1
RVersion: 3.4.0
Repos: CRAN=https://cran.rstudio.com/

Package: ENMeval
Source: CRAN
Version: 0.2.2
Hash: 81357aedf6170ebd62e488a736c33917
Requires: dismo, doParallel, foreach, rJava, raster

Package: PBSmapping
Source: CRAN
Version: 2.69.76
Hash: 91772541f04eb1e5f0b74ab19769a3a8

Package: ROCR
Source: CRAN
Version: 1.0-7
Hash: 086f78987ebf3c55b01013ee64a5e1e2
Requires: gplots

Package: Rcpp
Source: CRAN
Version: 0.12.11
Hash: 2ee22f3b5e75dec80b1d8eca61cd96d8

Package: bitops
Source: CRAN
Version: 1.0-6
Hash: 67d0775189fd0041d95abca618c5c07e

Package: caTools
Source: CRAN
Version: 1.17.1
Hash: 97cb6f6293cd18d17df77a6383cc6763
Requires: bitops

Package: data.table
Source: CRAN
Version: 1.10.4
Hash: 2c7c47ccb40d01c7b214c8eff818108d

Package: dismo
Source: CRAN
Version: 1.1-4
Hash: 0d86f3c4674528fb475c104b458a0b31
Requires: raster, sp

Package: doParallel
Source: CRAN
Version: 1.0.10
Hash: df91a7abfa938c06ad87b9a2b9269adb
Requires: foreach, iterators

Package: foreach
Source: CRAN
Version: 1.4.3
Hash: cd53ef4cf29dc59ce3f8c5c1af735fd1
Requires: iterators

Package: fuzzySim
Source: source
Version: 1.7.9
Hash: 9bbe823296c46f710eeab414a90ab282
SourcePath: ./packages_extra/fuzzySim

Package: gdata
Source: CRAN
Version: 2.17.0
Hash: e7d520c2a9597b303f54499e3bd90644
Requires: gtools

Package: gplots
Source: CRAN
Version: 3.0.1
Hash: b7abe122479c203aa236499b7fc4b816
Requires: caTools, gdata, gtools

Package: gtools
Source: CRAN
Version: 3.5.0
Hash: 471b2e2452dfb30fdc1dd6f1b567925a

Package: iterators
Source: CRAN
Version: 1.0.8
Hash: 488b93c2a4166db0d15f1e8d882cb1d4

Package: maptools
Source: CRAN
Version: 0.9-2
Hash: 2dfbad6ef57f83a91e4e9d4ccc0807cd
Requires: sp

Package: packrat
Source: CRAN
Version: 0.4.8-1
Hash: 6ad605ba7b4b476d84be6632393f5765

Package: rJava
Source: CRAN
Version: 0.9-8
Hash: 3e8627a2a5bd45c9bad6112acfc231d9

Package: raster
Source: CRAN
Version: 2.5-8
Hash: 482ae1a3a6a69ed9a1e607057b2737bc
Requires: Rcpp, sp

Package: rgdal
Source: CRAN
Version: 1.2-7
Hash: d79393d8e532c8da734a0735ce20c7da
Requires: sp

Package: sp
Source: CRAN
Version: 1.2-4
Hash: 4ffcf86fffee89e7b859f760528dd545
